
Microsoft Visual Studio Solution File, Format Version 12.00
# Visual Studio 15
VisualStudioVersion = 15.0.28307.271
MinimumVisualStudioVersion = 10.0.40219.1
Project("{FAE04EC0-301F-11D3-BF4B-00C04F79EFBC}") = "製作披薩", "製作披薩\製作披薩.csproj", "{E6436615-3F9A-4B53-AC04-779C952891E3}"
EndProject
Global
	GlobalSection(SolutionConfigurationPlatforms) = preSolution
		Debug|Any CPU = Debug|Any CPU
		Release|Any CPU = Release|Any CPU
	EndGlobalSection
	GlobalSection(ProjectConfigurationPlatforms) = postSolution
		{E6436615-3F9A-4B53-AC04-779C952891E3}.Debug|Any CPU.ActiveCfg = Debug|Any CPU
		{E6436615-3F9A-4B53-AC04-779C952891E3}.Debug|Any CPU.Build.0 = Debug|Any CPU
		{E6436615-3F9A-4B53-AC04-779C952891E3}.Release|Any CPU.ActiveCfg = Release|Any CPU
		{E6436615-3F9A-4B53-AC04-779C952891E3}.Release|Any CPU.Build.0 = Release|Any CPU
	EndGlobalSection
	GlobalSection(SolutionProperties) = preSolution
		HideSolutionNode = FALSE
	EndGlobalSection
	GlobalSection(ExtensibilityGlobals) = postSolution
		SolutionGuid = {2D7C2C22-EE16-45B6-ABBB-8A09E1359A0A}
	EndGlobalSection
EndGlobal
